
Microsoft Visual Studio Solution File, Format Version 12.00
# Visual Studio Version 16
VisualStudioVersion = 16.0.31025.194
MinimumVisualStudioVersion = 10.0.40219.1
Project("{FAE04EC0-301F-11D3-BF4B-00C04F79EFBC}") = "AquaCloudTestApp2", "AquaCloudTestApp2\AquaCloudTestApp2.csproj", "{5C5B13CB-E83F-451C-8A6C-744CD68CDF29}"
EndProject
Project("{FAE04EC0-301F-11D3-BF4B-00C04F79EFBC}") = "AquaCloudTestApp2.Tests", "AquaCloudTestApp2.Tests\AquaCloudTestApp2.Tests.csproj", "{5C862A1A-AD51-4F4A-90C2-691B33FFBC02}"
EndProject
Global
	GlobalSection(SolutionConfigurationPlatforms) = preSolution
		Debug|Any CPU = Debug|Any CPU
		Release|Any CPU = Release|Any CPU
	EndGlobalSection
	GlobalSection(ProjectConfigurationPlatforms) = postSolution
		{5C5B13CB-E83F-451C-8A6C-744CD68CDF29}.Debug|Any CPU.ActiveCfg = Debug|Any CPU
		{5C5B13CB-E83F-451C-8A6C-744CD68CDF29}.Debug|Any CPU.Build.0 = Debug|Any CPU
		{5C5B13CB-E83F-451C-8A6C-744CD68CDF29}.Release|Any CPU.ActiveCfg = Release|Any CPU
		{5C5B13CB-E83F-451C-8A6C-744CD68CDF29}.Release|Any CPU.Build.0 = Release|Any CPU
		{5C862A1A-AD51-4F4A-90C2-691B33FFBC02}.Debug|Any CPU.ActiveCfg = Debug|Any CPU
		{5C862A1A-AD51-4F4A-90C2-691B33FFBC02}.Debug|Any CPU.Build.0 = Debug|Any CPU
		{5C862A1A-AD51-4F4A-90C2-691B33FFBC02}.Release|Any CPU.ActiveCfg = Release|Any CPU
		{5C862A1A-AD51-4F4A-90C2-691B33FFBC02}.Release|Any CPU.Build.0 = Release|Any CPU
	EndGlobalSection
	GlobalSection(SolutionProperties) = preSolution
		HideSolutionNode = FALSE
	EndGlobalSection
	GlobalSection(ExtensibilityGlobals) = postSolution
		SolutionGuid = {023A0FF2-D425-4EB8-88A0-EFDC572FB8E6}
	EndGlobalSection
EndGlobal
